
Microsoft Visual Studio Solution File, Format Version 12.00
# Visual Studio Version 17
VisualStudioVersion = 17.1.32210.238
MinimumVisualStudioVersion = 10.0.40219.1
Project("{FAE04EC0-301F-11D3-BF4B-00C04F79EFBC}") = "tpmodul7_1302204047", "tpmodul7_1302204047\tpmodul7_1302204047.csproj", "{C89CE1B6-B554-4CC6-AAC2-728B1668BA30}"
EndProject
Global
	GlobalSection(SolutionConfigurationPlatforms) = preSolution
		Debug|Any CPU = Debug|Any CPU
		Release|Any CPU = Release|Any CPU
	EndGlobalSection
	GlobalSection(ProjectConfigurationPlatforms) = postSolution
		{C89CE1B6-B554-4CC6-AAC2-728B1668BA30}.Debug|Any CPU.ActiveCfg = Debug|Any CPU
		{C89CE1B6-B554-4CC6-AAC2-728B1668BA30}.Debug|Any CPU.Build.0 = Debug|Any CPU
		{C89CE1B6-B554-4CC6-AAC2-728B1668BA30}.Release|Any CPU.ActiveCfg = Release|Any CPU
		{C89CE1B6-B554-4CC6-AAC2-728B1668BA30}.Release|Any CPU.Build.0 = Release|Any CPU
	EndGlobalSection
	GlobalSection(SolutionProperties) = preSolution
		HideSolutionNode = FALSE
	EndGlobalSection
	GlobalSection(ExtensibilityGlobals) = postSolution
		SolutionGuid = {79F95491-77FF-4D16-B245-D27C943A21C6}
	EndGlobalSection
EndGlobal
